
Microsoft Visual Studio Solution File, Format Version 12.00
# Visual Studio Version 17
VisualStudioVersion = 17.3.32804.467
MinimumVisualStudioVersion = 10.0.40219.1
Project("{2150E333-8FDC-42A3-9474-1A3956D46DE8}") = "Lab01", "Lab01", "{85AF60C0-F3F5-4852-A267-E03644D045F7}"
EndProject
Project("{FAE04EC0-301F-11D3-BF4B-00C04F79EFBC}") = "Lab01.Task1-2", "Lab01\Task1-2\Lab01.Task1-2.csproj", "{93BE61A6-A3D4-4C4C-A07C-F371681E1AE8}"
EndProject
Project("{FAE04EC0-301F-11D3-BF4B-00C04F79EFBC}") = "Lab01.Task3", "Lab01\Task3\Lab01.Task3.csproj", "{7CF58CF5-B5AF-464F-B274-515523280345}"
EndProject
Project("{FAE04EC0-301F-11D3-BF4B-00C04F79EFBC}") = "Lab01.Task4", "Lab01\Task4\Lab01.Task4.csproj", "{B13A80DB-5E62-4BB4-BB77-F96BAA84D6DA}"
EndProject
Project("{FAE04EC0-301F-11D3-BF4B-00C04F79EFBC}") = "Lab01.Task5", "Lab01\Task5\Lab01.Task5.csproj", "{ED6F0B20-B59F-458C-9E3A-4E12004F89F7}"
EndProject
Project("{2150E333-8FDC-42A3-9474-1A3956D46DE8}") = "Lab02", "Lab02", "{B48C110E-0840-4E2F-9678-03ED0EA4BA08}"
EndProject
Project("{FAE04EC0-301F-11D3-BF4B-00C04F79EFBC}") = "Lab02.Task1", "Lab02\Task1\Lab02.Task1.csproj", "{F3B26244-6D61-44C4-9B66-8A7135AA2C7E}"
EndProject
Project("{FAE04EC0-301F-11D3-BF4B-00C04F79EFBC}") = "Lab02.Task2", "Lab02\Task2\Lab02.Task2.csproj", "{06E6F45A-BF02-499B-88F4-9E624AF8FB94}"
EndProject
Project("{FAE04EC0-301F-11D3-BF4B-00C04F79EFBC}") = "Lab02.Task3", "Lab02\Task3\Lab02.Task3.csproj", "{B8847B0C-AF2E-4DA3-8B1D-EE7FAE92C508}"
EndProject
Project("{2150E333-8FDC-42A3-9474-1A3956D46DE8}") = "Lab04", "Lab04", "{0B2713AF-411D-4943-BA65-121F1091BBDB}"
EndProject
Project("{FAE04EC0-301F-11D3-BF4B-00C04F79EFBC}") = "Lab04.Task1", "Lab04\Task1\Lab04.Task1.csproj", "{B8F8B587-286D-48B6-92FC-D6EFC437E18D}"
EndProject
Project("{FAE04EC0-301F-11D3-BF4B-00C04F79EFBC}") = "Lab04.Task2", "Lab04\Task2\Lab04.Task2.csproj", "{4350D8CE-3F80-424E-B905-92C411263FE2}"
EndProject
Project("{FAE04EC0-301F-11D3-BF4B-00C04F79EFBC}") = "Lab04.Task3", "Lab04\Task3\Lab04.Task3.csproj", "{9E6538A7-315D-4433-BD19-7F1BA38BB659}"
EndProject
Project("{FAE04EC0-301F-11D3-BF4B-00C04F79EFBC}") = "Lab04.Task4", "Lab04\Task4\Task4\Lab04.Task4.csproj", "{728AE6CE-77F7-4AD4-9B96-44C3502D2BAD}"
EndProject
Project("{FAE04EC0-301F-11D3-BF4B-00C04F79EFBC}") = "Lab04.Task5", "Lab04\Task5\Lab04.Task5.csproj", "{2FE5CC6E-192F-44FD-9A5B-E22ADEB8E387}"
EndProject
Project("{FAE04EC0-301F-11D3-BF4B-00C04F79EFBC}") = "Lab04.Task6", "Lab04\Task6\Lab04.Task6.csproj", "{024DF4F4-940E-410A-BDA0-CE645AACA51D}"
EndProject
Project("{2150E333-8FDC-42A3-9474-1A3956D46DE8}") = "Lab07", "Lab07", "{CFFF2D93-AA6C-420B-B6EA-D21F1ECBA2C0}"
EndProject
Project("{FAE04EC0-301F-11D3-BF4B-00C04F79EFBC}") = "Lab07.Task1", "Lab07\Task1\Lab07.Task1.csproj", "{934978A5-F39D-433B-9523-F8D44A7A8EE2}"
EndProject
Project("{FAE04EC0-301F-11D3-BF4B-00C04F79EFBC}") = "Lab07.Task2", "Lab07\Task2\Lab07.Task2.csproj", "{A027BA60-53E4-457D-9DF1-E0388CC5D3B9}"
EndProject
Project("{FAE04EC0-301F-11D3-BF4B-00C04F79EFBC}") = "Lab07.Task3", "Lab07\Task3\Lab07.Task3.csproj", "{70D69629-11A9-4E60-8BC6-7F18FAD3D65C}"
EndProject
Project("{2150E333-8FDC-42A3-9474-1A3956D46DE8}") = "FINALTASK", "FINALTASK", "{1A29DFD3-5E51-4604-B8B4-5384A06529CD}"
EndProject
Project("{FAE04EC0-301F-11D3-BF4B-00C04F79EFBC}") = "FinalTaskADO", "FINALTASK\FinalTaskADO.csproj", "{1B251FDF-4941-40C2-A5CF-A451C41EFD75}"
EndProject
Global
	GlobalSection(SolutionConfigurationPlatforms) = preSolution
		Debug|Any CPU = Debug|Any CPU
		Release|Any CPU = Release|Any CPU
	EndGlobalSection
	GlobalSection(ProjectConfigurationPlatforms) = postSolution
		{93BE61A6-A3D4-4C4C-A07C-F371681E1AE8}.Debug|Any CPU.ActiveCfg = Debug|Any CPU
		{93BE61A6-A3D4-4C4C-A07C-F371681E1AE8}.Debug|Any CPU.Build.0 = Debug|Any CPU
		{93BE61A6-A3D4-4C4C-A07C-F371681E1AE8}.Release|Any CPU.ActiveCfg = Release|Any CPU
		{93BE61A6-A3D4-4C4C-A07C-F371681E1AE8}.Release|Any CPU.Build.0 = Release|Any CPU
		{7CF58CF5-B5AF-464F-B274-515523280345}.Debug|Any CPU.ActiveCfg = Debug|Any CPU
		{7CF58CF5-B5AF-464F-B274-515523280345}.Debug|Any CPU.Build.0 = Debug|Any CPU
		{7CF58CF5-B5AF-464F-B274-515523280345}.Release|Any CPU.ActiveCfg = Release|Any CPU
		{7CF58CF5-B5AF-464F-B274-515523280345}.Release|Any CPU.Build.0 = Release|Any CPU
		{B13A80DB-5E62-4BB4-BB77-F96BAA84D6DA}.Debug|Any CPU.ActiveCfg = Debug|Any CPU
		{B13A80DB-5E62-4BB4-BB77-F96BAA84D6DA}.Debug|Any CPU.Build.0 = Debug|Any CPU
		{B13A80DB-5E62-4BB4-BB77-F96BAA84D6DA}.Release|Any CPU.ActiveCfg = Release|Any CPU
		{B13A80DB-5E62-4BB4-BB77-F96BAA84D6DA}.Release|Any CPU.Build.0 = Release|Any CPU
		{ED6F0B20-B59F-458C-9E3A-4E12004F89F7}.Debug|Any CPU.ActiveCfg = Debug|Any CPU
		{ED6F0B20-B59F-458C-9E3A-4E12004F89F7}.Debug|Any CPU.Build.0 = Debug|Any CPU
		{ED6F0B20-B59F-458C-9E3A-4E12004F89F7}.Release|Any CPU.ActiveCfg = Release|Any CPU
		{ED6F0B20-B59F-458C-9E3A-4E12004F89F7}.Release|Any CPU.Build.0 = Release|Any CPU
		{F3B26244-6D61-44C4-9B66-8A7135AA2C7E}.Debug|Any CPU.ActiveCfg = Debug|Any CPU
		{F3B26244-6D61-44C4-9B66-8A7135AA2C7E}.Debug|Any CPU.Build.0 = Debug|Any CPU
		{F3B26244-6D61-44C4-9B66-8A7135AA2C7E}.Release|Any CPU.ActiveCfg = Release|Any CPU
		{F3B26244-6D61-44C4-9B66-8A7135AA2C7E}.Release|Any CPU.Build.0 = Release|Any CPU
		{06E6F45A-BF02-499B-88F4-9E624AF8FB94}.Debug|Any CPU.ActiveCfg = Debug|Any CPU
		{06E6F45A-BF02-499B-88F4-9E624AF8FB94}.Debug|Any CPU.Build.0 = Debug|Any CPU
		{06E6F45A-BF02-499B-88F4-9E624AF8FB94}.Release|Any CPU.ActiveCfg = Release|Any CPU
		{06E6F45A-BF02-499B-88F4-9E624AF8FB94}.Release|Any CPU.Build.0 = Release|Any CPU
		{B8847B0C-AF2E-4DA3-8B1D-EE7FAE92C508}.Debug|Any CPU.ActiveCfg = Debug|Any CPU
		{B8847B0C-AF2E-4DA3-8B1D-EE7FAE92C508}.Debug|Any CPU.Build.0 = Debug|Any CPU
		{B8847B0C-AF2E-4DA3-8B1D-EE7FAE92C508}.Release|Any CPU.ActiveCfg = Release|Any CPU
		{B8847B0C-AF2E-4DA3-8B1D-EE7FAE92C508}.Release|Any CPU.Build.0 = Release|Any CPU
		{B8F8B587-286D-48B6-92FC-D6EFC437E18D}.Debug|Any CPU.ActiveCfg = Debug|Any CPU
		{B8F8B587-286D-48B6-92FC-D6EFC437E18D}.Debug|Any CPU.Build.0 = Debug|Any CPU
		{B8F8B587-286D-48B6-92FC-D6EFC437E18D}.Release|Any CPU.ActiveCfg = Release|Any CPU
		{B8F8B587-286D-48B6-92FC-D6EFC437E18D}.Release|Any CPU.Build.0 = Release|Any CPU
		{4350D8CE-3F80-424E-B905-92C411263FE2}.Debug|Any CPU.ActiveCfg = Debug|Any CPU
		{4350D8CE-3F80-424E-B905-92C411263FE2}.Debug|Any CPU.Build.0 = Debug|Any CPU
		{4350D8CE-3F80-424E-B905-92C411263FE2}.Release|Any CPU.ActiveCfg = Release|Any CPU
		{4350D8CE-3F80-424E-B905-92C411263FE2}.Release|Any CPU.Build.0 = Release|Any CPU
		{9E6538A7-315D-4433-BD19-7F1BA38BB659}.Debug|Any CPU.ActiveCfg = Debug|Any CPU
		{9E6538A7-315D-4433-BD19-7F1BA38BB659}.Debug|Any CPU.Build.0 = Debug|Any CPU
		{9E6538A7-315D-4433-BD19-7F1BA38BB659}.Release|Any CPU.ActiveCfg = Release|Any CPU
		{9E6538A7-315D-4433-BD19-7F1BA38BB659}.Release|Any CPU.Build.0 = Release|Any CPU
		{728AE6CE-77F7-4AD4-9B96-44C3502D2BAD}.Debug|Any CPU.ActiveCfg = Debug|Any CPU
		{728AE6CE-77F7-4AD4-9B96-44C3502D2BAD}.Debug|Any CPU.Build.0 = Debug|Any CPU
		{728AE6CE-77F7-4AD4-9B96-44C3502D2BAD}.Release|Any CPU.ActiveCfg = Release|Any CPU
		{728AE6CE-77F7-4AD4-9B96-44C3502D2BAD}.Release|Any CPU.Build.0 = Release|Any CPU
		{2FE5CC6E-192F-44FD-9A5B-E22ADEB8E387}.Debug|Any CPU.ActiveCfg = Debug|Any CPU
		{2FE5CC6E-192F-44FD-9A5B-E22ADEB8E387}.Debug|Any CPU.Build.0 = Debug|Any CPU
		{2FE5CC6E-192F-44FD-9A5B-E22ADEB8E387}.Release|Any CPU.ActiveCfg = Release|Any CPU
		{2FE5CC6E-192F-44FD-9A5B-E22ADEB8E387}.Release|Any CPU.Build.0 = Release|Any CPU
		{024DF4F4-940E-410A-BDA0-CE645AACA51D}.Debug|Any CPU.ActiveCfg = Debug|Any CPU
		{024DF4F4-940E-410A-BDA0-CE645AACA51D}.Debug|Any CPU.Build.0 = Debug|Any CPU
		{024DF4F4-940E-410A-BDA0-CE645AACA51D}.Release|Any CPU.ActiveCfg = Release|Any CPU
		{024DF4F4-940E-410A-BDA0-CE645AACA51D}.Release|Any CPU.Build.0 = Release|Any CPU
		{934978A5-F39D-433B-9523-F8D44A7A8EE2}.Debug|Any CPU.ActiveCfg = Debug|Any CPU
		{934978A5-F39D-433B-9523-F8D44A7A8EE2}.Debug|Any CPU.Build.0 = Debug|Any CPU
		{934978A5-F39D-433B-9523-F8D44A7A8EE2}.Release|Any CPU.ActiveCfg = Release|Any CPU
		{934978A5-F39D-433B-9523-F8D44A7A8EE2}.Release|Any CPU.Build.0 = Release|Any CPU
		{A027BA60-53E4-457D-9DF1-E0388CC5D3B9}.Debug|Any CPU.ActiveCfg = Debug|Any CPU
		{A027BA60-53E4-457D-9DF1-E0388CC5D3B9}.Debug|Any CPU.Build.0 = Debug|Any CPU
		{A027BA60-53E4-457D-9DF1-E0388CC5D3B9}.Release|Any CPU.ActiveCfg = Release|Any CPU
		{A027BA60-53E4-457D-9DF1-E0388CC5D3B9}.Release|Any CPU.Build.0 = Release|Any CPU
		{70D69629-11A9-4E60-8BC6-7F18FAD3D65C}.Debug|Any CPU.ActiveCfg = Debug|Any CPU
		{70D69629-11A9-4E60-8BC6-7F18FAD3D65C}.Debug|Any CPU.Build.0 = Debug|Any CPU
		{70D69629-11A9-4E60-8BC6-7F18FAD3D65C}.Release|Any CPU.ActiveCfg = Release|Any CPU
		{70D69629-11A9-4E60-8BC6-7F18FAD3D65C}.Release|Any CPU.Build.0 = Release|Any CPU
		{1B251FDF-4941-40C2-A5CF-A451C41EFD75}.Debug|Any CPU.ActiveCfg = Debug|Any CPU
		{1B251FDF-4941-40C2-A5CF-A451C41EFD75}.Debug|Any CPU.Build.0 = Debug|Any CPU
		{1B251FDF-4941-40C2-A5CF-A451C41EFD75}.Release|Any CPU.ActiveCfg = Release|Any CPU
		{1B251FDF-4941-40C2-A5CF-A451C41EFD75}.Release|Any CPU.Build.0 = Release|Any CPU
	EndGlobalSection
	GlobalSection(SolutionProperties) = preSolution
		HideSolutionNode = FALSE
	EndGlobalSection
	GlobalSection(NestedProjects) = preSolution
		{93BE61A6-A3D4-4C4C-A07C-F371681E1AE8} = {85AF60C0-F3F5-4852-A267-E03644D045F7}
		{7CF58CF5-B5AF-464F-B274-515523280345} = {85AF60C0-F3F5-4852-A267-E03644D045F7}
		{B13A80DB-5E62-4BB4-BB77-F96BAA84D6DA} = {85AF60C0-F3F5-4852-A267-E03644D045F7}
		{ED6F0B20-B59F-458C-9E3A-4E12004F89F7} = {85AF60C0-F3F5-4852-A267-E03644D045F7}
		{F3B26244-6D61-44C4-9B66-8A7135AA2C7E} = {B48C110E-0840-4E2F-9678-03ED0EA4BA08}
		{06E6F45A-BF02-499B-88F4-9E624AF8FB94} = {B48C110E-0840-4E2F-9678-03ED0EA4BA08}
		{B8847B0C-AF2E-4DA3-8B1D-EE7FAE92C508} = {B48C110E-0840-4E2F-9678-03ED0EA4BA08}
		{B8F8B587-286D-48B6-92FC-D6EFC437E18D} = {0B2713AF-411D-4943-BA65-121F1091BBDB}
		{4350D8CE-3F80-424E-B905-92C411263FE2} = {0B2713AF-411D-4943-BA65-121F1091BBDB}
		{9E6538A7-315D-4433-BD19-7F1BA38BB659} = {0B2713AF-411D-4943-BA65-121F1091BBDB}
		{728AE6CE-77F7-4AD4-9B96-44C3502D2BAD} = {0B2713AF-411D-4943-BA65-121F1091BBDB}
		{2FE5CC6E-192F-44FD-9A5B-E22ADEB8E387} = {0B2713AF-411D-4943-BA65-121F1091BBDB}
		{024DF4F4-940E-410A-BDA0-CE645AACA51D} = {0B2713AF-411D-4943-BA65-121F1091BBDB}
		{934978A5-F39D-433B-9523-F8D44A7A8EE2} = {CFFF2D93-AA6C-420B-B6EA-D21F1ECBA2C0}
		{A027BA60-53E4-457D-9DF1-E0388CC5D3B9} = {CFFF2D93-AA6C-420B-B6EA-D21F1ECBA2C0}
		{70D69629-11A9-4E60-8BC6-7F18FAD3D65C} = {CFFF2D93-AA6C-420B-B6EA-D21F1ECBA2C0}
		{1B251FDF-4941-40C2-A5CF-A451C41EFD75} = {1A29DFD3-5E51-4604-B8B4-5384A06529CD}
	EndGlobalSection
	GlobalSection(ExtensibilityGlobals) = postSolution
		SolutionGuid = {82BBF3DF-FE46-49E8-B5AB-81F4EFE60221}
	EndGlobalSection
EndGlobal
